
Microsoft Visual Studio Solution File, Format Version 12.00
# Visual Studio Version 16
VisualStudioVersion = 16.0.31702.278
MinimumVisualStudioVersion = 10.0.40219.1
Project("{FAE04EC0-301F-11D3-BF4B-00C04F79EFBC}") = "LogicalPrograms", "LogicalPrograms\LogicalPrograms.csproj", "{62D6CA70-47E7-487E-8DE6-7C11800B2342}"
EndProject
Global
	GlobalSection(SolutionConfigurationPlatforms) = preSolution
		Debug|Any CPU = Debug|Any CPU
		Release|Any CPU = Release|Any CPU
	EndGlobalSection
	GlobalSection(ProjectConfigurationPlatforms) = postSolution
		{62D6CA70-47E7-487E-8DE6-7C11800B2342}.Debug|Any CPU.ActiveCfg = Debug|Any CPU
		{62D6CA70-47E7-487E-8DE6-7C11800B2342}.Debug|Any CPU.Build.0 = Debug|Any CPU
		{62D6CA70-47E7-487E-8DE6-7C11800B2342}.Release|Any CPU.ActiveCfg = Release|Any CPU
		{62D6CA70-47E7-487E-8DE6-7C11800B2342}.Release|Any CPU.Build.0 = Release|Any CPU
	EndGlobalSection
	GlobalSection(SolutionProperties) = preSolution
		HideSolutionNode = FALSE
	EndGlobalSection
	GlobalSection(ExtensibilityGlobals) = postSolution
		SolutionGuid = {C40E6C46-A0B7-462A-9CB5-5F97B9F657EB}
	EndGlobalSection
EndGlobal
